// !$*UTF8*$!
{
	archiveVersion = 1;
	classes = {
	};
	objectVersion = 56;
	objects = {

/* Begin PBXBuildFile section */
		698E602F2A240A9B0003B948 /* AppDelegate.swift in Sources */ = {isa = PBXBuildFile; fileRef = 698E602E2A240A9B0003B948 /* AppDelegate.swift */; };
		698E60312A240A9B0003B948 /* SceneDelegate.swift in Sources */ = {isa = PBXBuildFile; fileRef = 698E60302A240A9B0003B948 /* SceneDelegate.swift */; };
		698E60332A240A9B0003B948 /* ViewController.swift in Sources */ = {isa = PBXBuildFile; fileRef = 698E60322A240A9B0003B948 /* ViewController.swift */; };
		698E60392A240A9B0003B948 /* WTP.xcdatamodeld in Sources */ = {isa = PBXBuildFile; fileRef = 698E60372A240A9B0003B948 /* WTP.xcdatamodeld */; };
		698E603B2A240A9D0003B948 /* Assets.xcassets in Resources */ = {isa = PBXBuildFile; fileRef = 698E603A2A240A9D0003B948 /* Assets.xcassets */; };
		698E603E2A240A9D0003B948 /* LaunchScreen.storyboard in Resources */ = {isa = PBXBuildFile; fileRef = 698E603C2A240A9D0003B948 /* LaunchScreen.storyboard */; };
		698E60492A283D520003B948 /* Padding.swift in Sources */ = {isa = PBXBuildFile; fileRef = 698E60482A283D520003B948 /* Padding.swift */; };
/* End PBXBuildFile section */

/* Begin PBXFileReference section */
		698E602B2A240A9B0003B948 /* WTP.app */ = {isa = PBXFileReference; explicitFileType = wrapper.application; includeInIndex = 0; path = WTP.app; sourceTree = BUILT_PRODUCTS_DIR; };
		698E602E2A240A9B0003B948 /* AppDelegate.swift */ = {isa = PBXFileReference; lastKnownFileType = sourcecode.swift; path = AppDelegate.swift; sourceTree = "<group>"; };
		698E60302A240A9B0003B948 /* SceneDelegate.swift */ = {isa = PBXFileReference; lastKnownFileType = sourcecode.swift; path = SceneDelegate.swift; sourceTree = "<group>"; };
		698E60322A240A9B0003B948 /* ViewController.swift */ = {isa = PBXFileReference; lastKnownFileType = sourcecode.swift; path = ViewController.swift; sourceTree = "<group>"; };
		698E60382A240A9B0003B948 /* WTP.xcdatamodel */ = {isa = PBXFileReference; lastKnownFileType = wrapper.xcdatamodel; path = WTP.xcdatamodel; sourceTree = "<group>"; };
		698E603A2A240A9D0003B948 /* Assets.xcassets */ = {isa = PBXFileReference; lastKnownFileType = folder.assetcatalog; path = Assets.xcassets; sourceTree = "<group>"; };
		698E603D2A240A9D0003B948 /* Base */ = {isa = PBXFileReference; lastKnownFileType = file.storyboard; name = Base; path = Base.lproj/LaunchScreen.storyboard; sourceTree = "<group>"; };
		698E603F2A240A9D0003B948 /* Info.plist */ = {isa = PBXFileReference; lastKnownFileType = text.plist.xml; path = Info.plist; sourceTree = "<group>"; };
		698E60482A283D520003B948 /* Padding.swift */ = {isa = PBXFileReference; lastKnownFileType = sourcecode.swift; path = Padding.swift; sourceTree = "<group>"; };
/* End PBXFileReference section */

/* Begin PBXFrameworksBuildPhase section */
		698E60282A240A9B0003B948 /* Frameworks */ = {
			isa = PBXFrameworksBuildPhase;
			buildActionMask = 2147483647;
			files = (
			);
			runOnlyForDeploymentPostprocessing = 0;
		};
/* End PBXFrameworksBuildPhase section */

/* Begin PBXGroup section */
		698E60222A240A9B0003B948 = {
			isa = PBXGroup;
			children = (
				698E602D2A240A9B0003B948 /* WTP */,
				698E602C2A240A9B0003B948 /* Products */,
			);
			sourceTree = "<group>";
		};
		698E602C2A240A9B0003B948 /* Products */ = {
			isa = PBXGroup;
			children = (
				698E602B2A240A9B0003B948 /* WTP.app */,
			);
			name = Products;
			sourceTree = "<group>";
		};
		698E602D2A240A9B0003B948 /* WTP */ = {
			isa = PBXGroup;
			children = (
				698E60472A2570A50003B948 /* Controller */,
				698E60462A25709B0003B948 /* View */,
				698E60452A2570920003B948 /* Model */,
				698E602E2A240A9B0003B948 /* AppDelegate.swift */,
				698E60302A240A9B0003B948 /* SceneDelegate.swift */,
				698E603A2A240A9D0003B948 /* Assets.xcassets */,
				698E603C2A240A9D0003B948 /* LaunchScreen.storyboard */,
				698E603F2A240A9D0003B948 /* Info.plist */,
				698E60372A240A9B0003B948 /* WTP.xcdatamodeld */,
			);
			path = WTP;
			sourceTree = "<group>";
		};
		698E60452A2570920003B948 /* Model */ = {
			isa = PBXGroup;
			children = (
			);
			path = Model;
			sourceTree = "<group>";
		};
		698E60462A25709B0003B948 /* View */ = {
			isa = PBXGroup;
			children = (
				698E60482A283D520003B948 /* Padding.swift */,
			);
			path = View;
			sourceTree = "<group>";
		};
		698E60472A2570A50003B948 /* Controller */ = {
			isa = PBXGroup;
			children = (
				698E60322A240A9B0003B948 /* ViewController.swift */,
			);
			path = Controller;
			sourceTree = "<group>";
		};
/* End PBXGroup section */

/* Begin PBXNativeTarget section */
		698E602A2A240A9B0003B948 /* WTP */ = {
			isa = PBXNativeTarget;
			buildConfigurationList = 698E60422A240A9D0003B948 /* Build configuration list for PBXNativeTarget "WTP" */;
			buildPhases = (
				698E60272A240A9B0003B948 /* Sources */,
				698E60282A240A9B0003B948 /* Frameworks */,
				698E60292A240A9B0003B948 /* Resources */,
			);
			buildRules = (
			);
			dependencies = (
			);
			name = WTP;
			productName = WTP;
			productReference = 698E602B2A240A9B0003B948 /* WTP.app */;
			productType = "com.apple.product-type.application";
		};
/* End PBXNativeTarget section */

/* Begin PBXProject section */
		698E60232A240A9B0003B948 /* Project object */ = {
			isa = PBXProject;
			attributes = {
				BuildIndependentTargetsInParallel = 1;
				LastSwiftUpdateCheck = 1430;
				LastUpgradeCheck = 1430;
				TargetAttributes = {
					698E602A2A240A9B0003B948 = {
						CreatedOnToolsVersion = 14.3;
					};
				};
			};
			buildConfigurationList = 698E60262A240A9B0003B948 /* Build configuration list for PBXProject "WTP" */;
			compatibilityVersion = "Xcode 14.0";
			developmentRegion = en;
			hasScannedForEncodings = 0;
			knownRegions = (
				en,
				Base,
			);
			mainGroup = 698E60222A240A9B0003B948;
			productRefGroup = 698E602C2A240A9B0003B948 /* Products */;
			projectDirPath = "";
			projectRoot = "";
			targets = (
				698E602A2A240A9B0003B948 /* WTP */,
			);
		};
/* End PBXProject section */

/* Begin PBXResourcesBuildPhase section */
		698E60292A240A9B0003B948 /* Resources */ = {
			isa = PBXResourcesBuildPhase;
			buildActionMask = 2147483647;
			files = (
				698E603E2A240A9D0003B948 /* LaunchScreen.storyboard in Resources */,
				698E603B2A240A9D0003B948 /* Assets.xcassets in Resources */,
			);
			runOnlyForDeploymentPostprocessing = 0;
		};
/* End PBXResourcesBuildPhase section */

/* Begin PBXSourcesBuildPhase section */
		698E60272A240A9B0003B948 /* Sources */ = {
			isa = PBXSourcesBuildPhase;
			buildActionMask = 2147483647;
			files = (
				698E60332A240A9B0003B948 /* ViewController.swift in Sources */,
				698E60492A283D520003B948 /* Padding.swift in Sources */,
				698E602F2A240A9B0003B948 /* AppDelegate.swift in Sources */,
				698E60312A240A9B0003B948 /* SceneDelegate.swift in Sources */,
				698E60392A240A9B0003B948 /* WTP.xcdatamodeld in Sources */,
			);
			runOnlyForDeploymentPostprocessing = 0;
		};
/* End PBXSourcesBuildPhase section */

/* Begin PBXVariantGroup section */
		698E603C2A240A9D0003B948 /* LaunchScreen.storyboard */ = {
			isa = PBXVariantGroup;
			children = (
				698E603D2A240A9D0003B948 /* Base */,
			);
			name = LaunchScreen.storyboard;
			sourceTree = "<group>";
		};
/* End PBXVariantGroup section */

/* Begin XCBuildConfiguration section */
		698E60402A240A9D0003B948 /* Debug */ = {
			isa = XCBuildConfiguration;
			buildSettings = {
				ALWAYS_SEARCH_USER_PATHS = NO;
				CLANG_ANALYZER_NONNULL = YES;
				CLANG_ANALYZER_NUMBER_OBJECT_CONVERSION = YES_AGGRESSIVE;
				CLANG_CXX_LANGUAGE_STANDARD = "gnu++20";
				CLANG_ENABLE_MODULES = YES;
				CLANG_ENABLE_OBJC_ARC = YES;
				CLANG_ENABLE_OBJC_WEAK = YES;
				CLANG_WARN_BLOCK_CAPTURE_AUTORELEASING = YES;
				CLANG_WARN_BOOL_CONVERSION = YES;
				CLANG_WARN_COMMA = YES;
				CLANG_WARN_CONSTANT_CONVERSION = YES;
				CLANG_WARN_DEPRECATED_OBJC_IMPLEMENTATIONS = YES;
				CLANG_WARN_DIRECT_OBJC_ISA_USAGE = YES_ERROR;
				CLANG_WARN_DOCUMENTATION_COMMENTS = YES;
				CLANG_WARN_EMPTY_BODY = YES;
				CLANG_WARN_ENUM_CONVERSION = YES;
				CLANG_WARN_INFINITE_RECURSION = YES;
				CLANG_WARN_INT_CONVERSION = YES;
				CLANG_WARN_NON_LITERAL_NULL_CONVERSION = YES;
				CLANG_WARN_OBJC_IMPLICIT_RETAIN_SELF = YES;
				CLANG_WARN_OBJC_LITERAL_CONVERSION = YES;
				CLANG_WARN_OBJC_ROOT_CLASS = YES_ERROR;
				CLANG_WARN_QUOTED_INCLUDE_IN_FRAMEWORK_HEADER = YES;
				CLANG_WARN_RANGE_LOOP_ANALYSIS = YES;
				CLANG_WARN_STRICT_PROTOTYPES = YES;
				CLANG_WARN_SUSPICIOUS_MOVE = YES;
				CLANG_WARN_UNGUARDED_AVAILABILITY = YES_AGGRESSIVE;
				CLANG_WARN_UNREACHABLE_CODE = YES;
				CLANG_WARN__DUPLICATE_METHOD_MATCH = YES;
				COPY_PHASE_STRIP = NO;
				DEBUG_INFORMATION_FORMAT = dwarf;
				ENABLE_STRICT_OBJC_MSGSEND = YES;
				ENABLE_TESTABILITY = YES;
				GCC_C_LANGUAGE_STANDARD = gnu11;
				GCC_DYNAMIC_NO_PIC = NO;
				GCC_NO_COMMON_BLOCKS = YES;
				GCC_OPTIMIZATION_LEVEL = 0;
				GCC_PREPROCESSOR_DEFINITIONS = (
					"DEBUG=1",
					"$(inherited)",
				);
				GCC_WARN_64_TO_32_BIT_CONVERSION = YES;
				GCC_WARN_ABOUT_RETURN_TYPE = YES_ERROR;
				GCC_WARN_UNDECLARED_SELECTOR = YES;
				GCC_WARN_UNINITIALIZED_AUTOS = YES_AGGRESSIVE;
				GCC_WARN_UNUSED_FUNCTION = YES;
				GCC_WARN_UNUSED_VARIABLE = YES;
				IPHONEOS_DEPLOYMENT_TARGET = 16.4;
				MTL_ENABLE_DEBUG_INFO = INCLUDE_SOURCE;
				MTL_FAST_MATH = YES;
				ONLY_ACTIVE_ARCH = YES;
				SDKROOT = iphoneos;
				SWIFT_ACTIVE_COMPILATION_CONDITIONS = DEBUG;
				SWIFT_OPTIMIZATION_LEVEL = "-Onone";
			};
			name = Debug;
		};
		698E60412A240A9D0003B948 /* Release */ = {
			isa = XCBuildConfiguration;
			buildSettings = {
				ALWAYS_SEARCH_USER_PATHS = NO;
				CLANG_ANALYZER_NONNULL = YES;
				CLANG_ANALYZER_NUMBER_OBJECT_CONVERSION = YES_AGGRESSIVE;
				CLANG_CXX_LANGUAGE_STANDARD = "gnu++20";
				CLANG_ENABLE_MODULES = YES;
				CLANG_ENABLE_OBJC_ARC = YES;
				CLANG_ENABLE_OBJC_WEAK = YES;
				CLANG_WARN_BLOCK_CAPTURE_AUTORELEASING = YES;
				CLANG_WARN_BOOL_CONVERSION = YES;
				CLANG_WARN_COMMA = YES;
				CLANG_WARN_CONSTANT_CONVERSION = YES;
				CLANG_WARN_DEPRECATED_OBJC_IMPLEMENTATIONS = YES;
				CLANG_WARN_DIRECT_OBJC_ISA_USAGE = YES_ERROR;
				CLANG_WARN_DOCUMENTATION_COMMENTS = YES;
				CLANG_WARN_EMPTY_BODY = YES;
				CLANG_WARN_ENUM_CONVERSION = YES;
				CLANG_WARN_INFINITE_RECURSION = YES;
				CLANG_WARN_INT_CONVERSION = YES;
				CLANG_WARN_NON_LITERAL_NULL_CONVERSION = YES;
				CLANG_WARN_OBJC_IMPLICIT_RETAIN_SELF = YES;
				CLANG_WARN_OBJC_LITERAL_CONVERSION = YES;
				CLANG_WARN_OBJC_ROOT_CLASS = YES_ERROR;
				CLANG_WARN_QUOTED_INCLUDE_IN_FRAMEWORK_HEADER = YES;
				CLANG_WARN_RANGE_LOOP_ANALYSIS = YES;
				CLANG_WARN_STRICT_PROTOTYPES = YES;
				CLANG_WARN_SUSPICIOUS_MOVE = YES;
				CLANG_WARN_UNGUARDED_AVAILABILITY = YES_AGGRESSIVE;
				CLANG_WARN_UNREACHABLE_CODE = YES;
				CLANG_WARN__DUPLICATE_METHOD_MATCH = YES;
				COPY_PHASE_STRIP = NO;
				DEBUG_INFORMATION_FORMAT = "dwarf-with-dsym";
				ENABLE_NS_ASSERTIONS = NO;
				ENABLE_STRICT_OBJC_MSGSEND = YES;
				GCC_C_LANGUAGE_STANDARD = gnu11;
				GCC_NO_COMMON_BLOCKS = YES;
				GCC_WARN_64_TO_32_BIT_CONVERSION = YES;
				GCC_WARN_ABOUT_RETURN_TYPE = YES_ERROR;
				GCC_WARN_UNDECLARED_SELECTOR = YES;
				GCC_WARN_UNINITIALIZED_AUTOS = YES_AGGRESSIVE;
				GCC_WARN_UNUSED_FUNCTION = YES;
				GCC_WARN_UNUSED_VARIABLE = YES;
				IPHONEOS_DEPLOYMENT_TARGET = 16.4;
				MTL_ENABLE_DEBUG_INFO = NO;
				MTL_FAST_MATH = YES;
				SDKROOT = iphoneos;
				SWIFT_COMPILATION_MODE = wholemodule;
				SWIFT_OPTIMIZATION_LEVEL = "-O";
				VALIDATE_PRODUCT = YES;
			};
			name = Release;
		};
		698E60432A240A9D0003B948 /* Debug */ = {
			isa = XCBuildConfiguration;
			buildSettings = {
				ASSETCATALOG_COMPILER_APPICON_NAME = AppIcon;
				ASSETCATALOG_COMPILER_GLOBAL_ACCENT_COLOR_NAME = AccentColor;
				CODE_SIGN_STYLE = Automatic;
				CURRENT_PROJECT_VERSION = 1;
				DEVELOPMENT_TEAM = ZAJDB8LML2;
				GENERATE_INFOPLIST_FILE = YES;
				INFOPLIST_FILE = WTP/Info.plist;
				INFOPLIST_KEY_UIApplicationSupportsIndirectInputEvents = YES;
				INFOPLIST_KEY_UILaunchStoryboardName = LaunchScreen;
				INFOPLIST_KEY_UIStatusBarStyle = "";
				INFOPLIST_KEY_UISupportedInterfaceOrientations_iPad = "UIInterfaceOrientationPortrait UIInterfaceOrientationPortraitUpsideDown UIInterfaceOrientationLandscapeLeft UIInterfaceOrientationLandscapeRight";
				INFOPLIST_KEY_UISupportedInterfaceOrientations_iPhone = "UIInterfaceOrientationPortrait UIInterfaceOrientationLandscapeLeft UIInterfaceOrientationLandscapeRight";
				LD_RUNPATH_SEARCH_PATHS = (
					"$(inherited)",
					"@executable_path/Frameworks",
				);
				MARKETING_VERSION = 1.0;
				PRODUCT_BUNDLE_IDENTIFIER = com.jameka.echols.WTP;
				PRODUCT_NAME = "$(TARGET_NAME)";
				SWIFT_EMIT_LOC_STRINGS = YES;
				SWIFT_VERSION = 5.0;
				TARGETED_DEVICE_FAMILY = "1,2";
			};
			name = Debug;
		};
		698E60442A240A9D0003B948 /* Release */ = {
			isa = XCBuildConfiguration;
			buildSettings = {
				ASSETCATALOG_COMPILER_APPICON_NAME = AppIcon;
				ASSETCATALOG_COMPILER_GLOBAL_ACCENT_COLOR_NAME = AccentColor;
				CODE_SIGN_STYLE = Automatic;
				CURRENT_PROJECT_VERSION = 1;
				DEVELOPMENT_TEAM = ZAJDB8LML2;
				GENERATE_INFOPLIST_FILE = YES;
				INFOPLIST_FILE = WTP/Info.plist;
				INFOPLIST_KEY_UIApplicationSupportsIndirectInputEvents = YES;
				INFOPLIST_KEY_UILaunchStoryboardName = LaunchScreen;
				INFOPLIST_KEY_UIStatusBarStyle = "";
				INFOPLIST_KEY_UISupportedInterfaceOrientations_iPad = "UIInterfaceOrientationPortrait UIInterfaceOrientationPortraitUpsideDown UIInterfaceOrientationLandscapeLeft UIInterfaceOrientationLandscapeRight";
				INFOPLIST_KEY_UISupportedInterfaceOrientations_iPhone = "UIInterfaceOrientationPortrait UIInterfaceOrientationLandscapeLeft UIInterfaceOrientationLandscapeRight";
				LD_RUNPATH_SEARCH_PATHS = (
					"$(inherited)",
					"@executable_path/Frameworks",
				);
				MARKETING_VERSION = 1.0;
				PRODUCT_BUNDLE_IDENTIFIER = com.jameka.echols.WTP;
				PRODUCT_NAME = "$(TARGET_NAME)";
				SWIFT_EMIT_LOC_STRINGS = YES;
				SWIFT_VERSION = 5.0;
				TARGETED_DEVICE_FAMILY = "1,2";
			};
			name = Release;
		};
/* End XCBuildConfiguration section */

/* Begin XCConfigurationList section */
		698E60262A240A9B0003B948 /* Build configuration list for PBXProject "WTP" */ = {
			isa = XCConfigurationList;
			buildConfigurations = (
				698E60402A240A9D0003B948 /* Debug */,
				698E60412A240A9D0003B948 /* Release */,
			);
			defaultConfigurationIsVisible = 0;
			defaultConfigurationName = Release;
		};
		698E60422A240A9D0003B948 /* Build configuration list for PBXNativeTarget "WTP" */ = {
			isa = XCConfigurationList;
			buildConfigurations = (
				698E60432A240A9D0003B948 /* Debug */,
				698E60442A240A9D0003B948 /* Release */,
			);
			defaultConfigurationIsVisible = 0;
			defaultConfigurationName = Release;
		};
/* End XCConfigurationList section */

/* Begin XCVersionGroup section */
		698E60372A240A9B0003B948 /* WTP.xcdatamodeld */ = {
			isa = XCVersionGroup;
			children = (
				698E60382A240A9B0003B948 /* WTP.xcdatamodel */,
			);
			currentVersion = 698E60382A240A9B0003B948 /* WTP.xcdatamodel */;
			path = WTP.xcdatamodeld;
			sourceTree = "<group>";
			versionGroupType = wrapper.xcdatamodel;
		};
/* End XCVersionGroup section */
	};
	rootObject = 698E60232A240A9B0003B948 /* Project object */;
}
